// !$*UTF8*$!
{
	archiveVersion = 1;
	classes = {
	};
	objectVersion = 56;
	objects = {

/* Begin PBXBuildFile section */
		BA47B4AF2B8FAA8C0065797A /* PayCulatorApp.swift in Sources */ = {isa = PBXBuildFile; fileRef = BA47B4AE2B8FAA8C0065797A /* PayCulatorApp.swift */; };
		BA47B4B12B8FAA8C0065797A /* SalaryCalculatorView.swift in Sources */ = {isa = PBXBuildFile; fileRef = BA47B4B02B8FAA8C0065797A /* SalaryCalculatorView.swift */; };
		BA47B4B32B8FAA8F0065797A /* Assets.xcassets in Resources */ = {isa = PBXBuildFile; fileRef = BA47B4B22B8FAA8F0065797A /* Assets.xcassets */; };
		BA47B4B62B8FAA8F0065797A /* Preview Assets.xcassets in Resources */ = {isa = PBXBuildFile; fileRef = BA47B4B52B8FAA8F0065797A /* Preview Assets.xcassets */; };
		BA47B4B82B8FAA8F0065797A /* Persistence.swift in Sources */ = {isa = PBXBuildFile; fileRef = BA47B4B72B8FAA8F0065797A /* Persistence.swift */; };
		BA47B4BB2B8FAA8F0065797A /* PayCulator.xcdatamodeld in Sources */ = {isa = PBXBuildFile; fileRef = BA47B4B92B8FAA8F0065797A /* PayCulator.xcdatamodeld */; };
		BA47B4C52B8FAA8F0065797A /* PayCulatorTests.swift in Sources */ = {isa = PBXBuildFile; fileRef = BA47B4C42B8FAA8F0065797A /* PayCulatorTests.swift */; };
		BA47B4CF2B8FAA8F0065797A /* PayCulatorUITests.swift in Sources */ = {isa = PBXBuildFile; fileRef = BA47B4CE2B8FAA8F0065797A /* PayCulatorUITests.swift */; };
		BA47B4D12B8FAA8F0065797A /* PayCulatorUITestsLaunchTests.swift in Sources */ = {isa = PBXBuildFile; fileRef = BA47B4D02B8FAA8F0065797A /* PayCulatorUITestsLaunchTests.swift */; };
		BA47B4E22B8FB8140065797A /* SettingsView.swift in Sources */ = {isa = PBXBuildFile; fileRef = BA47B4E12B8FB8140065797A /* SettingsView.swift */; };
		BA73FC702B8FBCD300569553 /* LaunchScreen.storyboard in Resources */ = {isa = PBXBuildFile; fileRef = BA73FC6F2B8FBCD300569553 /* LaunchScreen.storyboard */; };
/* End PBXBuildFile section */

/* Begin PBXContainerItemProxy section */
		BA47B4C12B8FAA8F0065797A /* PBXContainerItemProxy */ = {
			isa = PBXContainerItemProxy;
			containerPortal = BA47B4A32B8FAA8C0065797A /* Project object */;
			proxyType = 1;
			remoteGlobalIDString = BA47B4AA2B8FAA8C0065797A;
			remoteInfo = PayCulator;
		};
		BA47B4CB2B8FAA8F0065797A /* PBXContainerItemProxy */ = {
			isa = PBXContainerItemProxy;
			containerPortal = BA47B4A32B8FAA8C0065797A /* Project object */;
			proxyType = 1;
			remoteGlobalIDString = BA47B4AA2B8FAA8C0065797A;
			remoteInfo = PayCulator;
		};
/* End PBXContainerItemProxy section */

/* Begin PBXFileReference section */
		BA47B4AB2B8FAA8C0065797A /* Payculator.app */ = {isa = PBXFileReference; explicitFileType = wrapper.application; includeInIndex = 0; path = Payculator.app; sourceTree = BUILT_PRODUCTS_DIR; };
		BA47B4AE2B8FAA8C0065797A /* PayCulatorApp.swift */ = {isa = PBXFileReference; lastKnownFileType = sourcecode.swift; path = PayCulatorApp.swift; sourceTree = "<group>"; };
		BA47B4B02B8FAA8C0065797A /* SalaryCalculatorView.swift */ = {isa = PBXFileReference; lastKnownFileType = sourcecode.swift; path = SalaryCalculatorView.swift; sourceTree = "<group>"; };
		BA47B4B22B8FAA8F0065797A /* Assets.xcassets */ = {isa = PBXFileReference; lastKnownFileType = folder.assetcatalog; path = Assets.xcassets; sourceTree = "<group>"; };
		BA47B4B52B8FAA8F0065797A /* Preview Assets.xcassets */ = {isa = PBXFileReference; lastKnownFileType = folder.assetcatalog; path = "Preview Assets.xcassets"; sourceTree = "<group>"; };
		BA47B4B72B8FAA8F0065797A /* Persistence.swift */ = {isa = PBXFileReference; lastKnownFileType = sourcecode.swift; path = Persistence.swift; sourceTree = "<group>"; };
		BA47B4BA2B8FAA8F0065797A /* PayCulator.xcdatamodel */ = {isa = PBXFileReference; lastKnownFileType = wrapper.xcdatamodel; path = PayCulator.xcdatamodel; sourceTree = "<group>"; };
		BA47B4C02B8FAA8F0065797A /* PayculatorTests.xctest */ = {isa = PBXFileReference; explicitFileType = wrapper.cfbundle; includeInIndex = 0; path = PayculatorTests.xctest; sourceTree = BUILT_PRODUCTS_DIR; };
		BA47B4C42B8FAA8F0065797A /* PayCulatorTests.swift */ = {isa = PBXFileReference; lastKnownFileType = sourcecode.swift; path = PayCulatorTests.swift; sourceTree = "<group>"; };
		BA47B4CA2B8FAA8F0065797A /* PayculatorUITests.xctest */ = {isa = PBXFileReference; explicitFileType = wrapper.cfbundle; includeInIndex = 0; path = PayculatorUITests.xctest; sourceTree = BUILT_PRODUCTS_DIR; };
		BA47B4CE2B8FAA8F0065797A /* PayCulatorUITests.swift */ = {isa = PBXFileReference; lastKnownFileType = sourcecode.swift; path = PayCulatorUITests.swift; sourceTree = "<group>"; };
		BA47B4D02B8FAA8F0065797A /* PayCulatorUITestsLaunchTests.swift */ = {isa = PBXFileReference; lastKnownFileType = sourcecode.swift; path = PayCulatorUITestsLaunchTests.swift; sourceTree = "<group>"; };
		BA47B4E12B8FB8140065797A /* SettingsView.swift */ = {isa = PBXFileReference; lastKnownFileType = sourcecode.swift; path = SettingsView.swift; sourceTree = "<group>"; };
		BA73FC6F2B8FBCD300569553 /* LaunchScreen.storyboard */ = {isa = PBXFileReference; lastKnownFileType = file.storyboard; path = LaunchScreen.storyboard; sourceTree = "<group>"; };
/* End PBXFileReference section */

/* Begin PBXFrameworksBuildPhase section */
		BA47B4A82B8FAA8C0065797A /* Frameworks */ = {
			isa = PBXFrameworksBuildPhase;
			buildActionMask = 2147483647;
			files = (
			);
			runOnlyForDeploymentPostprocessing = 0;
		};
		BA47B4BD2B8FAA8F0065797A /* Frameworks */ = {
			isa = PBXFrameworksBuildPhase;
			buildActionMask = 2147483647;
			files = (
			);
			runOnlyForDeploymentPostprocessing = 0;
		};
		BA47B4C72B8FAA8F0065797A /* Frameworks */ = {
			isa = PBXFrameworksBuildPhase;
			buildActionMask = 2147483647;
			files = (
			);
			runOnlyForDeploymentPostprocessing = 0;
		};
/* End PBXFrameworksBuildPhase section */

/* Begin PBXGroup section */
		BA47B4A22B8FAA8C0065797A = {
			isa = PBXGroup;
			children = (
				BA47B4AD2B8FAA8C0065797A /* PayCulator */,
				BA47B4C32B8FAA8F0065797A /* PayCulatorTests */,
				BA47B4CD2B8FAA8F0065797A /* PayCulatorUITests */,
				BA47B4AC2B8FAA8C0065797A /* Products */,
			);
			sourceTree = "<group>";
		};
		BA47B4AC2B8FAA8C0065797A /* Products */ = {
			isa = PBXGroup;
			children = (
				BA47B4AB2B8FAA8C0065797A /* Payculator.app */,
				BA47B4C02B8FAA8F0065797A /* PayculatorTests.xctest */,
				BA47B4CA2B8FAA8F0065797A /* PayculatorUITests.xctest */,
			);
			name = Products;
			sourceTree = "<group>";
		};
		BA47B4AD2B8FAA8C0065797A /* PayCulator */ = {
			isa = PBXGroup;
			children = (
				BA47B4AE2B8FAA8C0065797A /* PayCulatorApp.swift */,
				BA47B4DD2B8FAAFE0065797A /* View */,
				BA47B4DE2B8FAB0C0065797A /* Extensions */,
				BA47B4B22B8FAA8F0065797A /* Assets.xcassets */,
				BA47B4B72B8FAA8F0065797A /* Persistence.swift */,
				BA47B4B92B8FAA8F0065797A /* PayCulator.xcdatamodeld */,
				BA73FC6F2B8FBCD300569553 /* LaunchScreen.storyboard */,
				BA47B4B42B8FAA8F0065797A /* Preview Content */,
			);
			path = PayCulator;
			sourceTree = "<group>";
		};
		BA47B4B42B8FAA8F0065797A /* Preview Content */ = {
			isa = PBXGroup;
			children = (
				BA47B4B52B8FAA8F0065797A /* Preview Assets.xcassets */,
			);
			path = "Preview Content";
			sourceTree = "<group>";
		};
		BA47B4C32B8FAA8F0065797A /* PayCulatorTests */ = {
			isa = PBXGroup;
			children = (
				BA47B4C42B8FAA8F0065797A /* PayCulatorTests.swift */,
			);
			path = PayCulatorTests;
			sourceTree = "<group>";
		};
		BA47B4CD2B8FAA8F0065797A /* PayCulatorUITests */ = {
			isa = PBXGroup;
			children = (
				BA47B4CE2B8FAA8F0065797A /* PayCulatorUITests.swift */,
				BA47B4D02B8FAA8F0065797A /* PayCulatorUITestsLaunchTests.swift */,
			);
			path = PayCulatorUITests;
			sourceTree = "<group>";
		};
		BA47B4DD2B8FAAFE0065797A /* View */ = {
			isa = PBXGroup;
			children = (
				BA47B4B02B8FAA8C0065797A /* SalaryCalculatorView.swift */,
				BA47B4E12B8FB8140065797A /* SettingsView.swift */,
			);
			path = View;
			sourceTree = "<group>";
		};
		BA47B4DE2B8FAB0C0065797A /* Extensions */ = {
			isa = PBXGroup;
			children = (
			);
			path = Extensions;
			sourceTree = "<group>";
		};
/* End PBXGroup section */

/* Begin PBXNativeTarget section */
		BA47B4AA2B8FAA8C0065797A /* Payculator */ = {
			isa = PBXNativeTarget;
			buildConfigurationList = BA47B4D42B8FAA8F0065797A /* Build configuration list for PBXNativeTarget "Payculator" */;
			buildPhases = (
				BA47B4A72B8FAA8C0065797A /* Sources */,
				BA47B4A82B8FAA8C0065797A /* Frameworks */,
				BA47B4A92B8FAA8C0065797A /* Resources */,
			);
			buildRules = (
			);
			dependencies = (
			);
			name = Payculator;
			productName = PayCulator;
			productReference = BA47B4AB2B8FAA8C0065797A /* Payculator.app */;
			productType = "com.apple.product-type.application";
		};
		BA47B4BF2B8FAA8F0065797A /* PayculatorTests */ = {
			isa = PBXNativeTarget;
			buildConfigurationList = BA47B4D72B8FAA8F0065797A /* Build configuration list for PBXNativeTarget "PayculatorTests" */;
			buildPhases = (
				BA47B4BC2B8FAA8F0065797A /* Sources */,
				BA47B4BD2B8FAA8F0065797A /* Frameworks */,
				BA47B4BE2B8FAA8F0065797A /* Resources */,
			);
			buildRules = (
			);
			dependencies = (
				BA47B4C22B8FAA8F0065797A /* PBXTargetDependency */,
			);
			name = PayculatorTests;
			productName = PayCulatorTests;
			productReference = BA47B4C02B8FAA8F0065797A /* PayculatorTests.xctest */;
			productType = "com.apple.product-type.bundle.unit-test";
		};
		BA47B4C92B8FAA8F0065797A /* PayculatorUITests */ = {
			isa = PBXNativeTarget;
			buildConfigurationList = BA47B4DA2B8FAA8F0065797A /* Build configuration list for PBXNativeTarget "PayculatorUITests" */;
			buildPhases = (
				BA47B4C62B8FAA8F0065797A /* Sources */,
				BA47B4C72B8FAA8F0065797A /* Frameworks */,
				BA47B4C82B8FAA8F0065797A /* Resources */,
			);
			buildRules = (
			);
			dependencies = (
				BA47B4CC2B8FAA8F0065797A /* PBXTargetDependency */,
			);
			name = PayculatorUITests;
			productName = PayCulatorUITests;
			productReference = BA47B4CA2B8FAA8F0065797A /* PayculatorUITests.xctest */;
			productType = "com.apple.product-type.bundle.ui-testing";
		};
/* End PBXNativeTarget section */

/* Begin PBXProject section */
		BA47B4A32B8FAA8C0065797A /* Project object */ = {
			isa = PBXProject;
			attributes = {
				BuildIndependentTargetsInParallel = 1;
				LastSwiftUpdateCheck = 1520;
				LastUpgradeCheck = 1520;
				TargetAttributes = {
					BA47B4AA2B8FAA8C0065797A = {
						CreatedOnToolsVersion = 15.2;
					};
					BA47B4BF2B8FAA8F0065797A = {
						CreatedOnToolsVersion = 15.2;
						TestTargetID = BA47B4AA2B8FAA8C0065797A;
					};
					BA47B4C92B8FAA8F0065797A = {
						CreatedOnToolsVersion = 15.2;
						TestTargetID = BA47B4AA2B8FAA8C0065797A;
					};
				};
			};
			buildConfigurationList = BA47B4A62B8FAA8C0065797A /* Build configuration list for PBXProject "Payculator" */;
			compatibilityVersion = "Xcode 14.0";
			developmentRegion = en;
			hasScannedForEncodings = 0;
			knownRegions = (
				en,
				Base,
			);
			mainGroup = BA47B4A22B8FAA8C0065797A;
			productRefGroup = BA47B4AC2B8FAA8C0065797A /* Products */;
			projectDirPath = "";
			projectRoot = "";
			targets = (
				BA47B4AA2B8FAA8C0065797A /* Payculator */,
				BA47B4BF2B8FAA8F0065797A /* PayculatorTests */,
				BA47B4C92B8FAA8F0065797A /* PayculatorUITests */,
			);
		};
/* End PBXProject section */

/* Begin PBXResourcesBuildPhase section */
		BA47B4A92B8FAA8C0065797A /* Resources */ = {
			isa = PBXResourcesBuildPhase;
			buildActionMask = 2147483647;
			files = (
				BA73FC702B8FBCD300569553 /* LaunchScreen.storyboard in Resources */,
				BA47B4B62B8FAA8F0065797A /* Preview Assets.xcassets in Resources */,
				BA47B4B32B8FAA8F0065797A /* Assets.xcassets in Resources */,
			);
			runOnlyForDeploymentPostprocessing = 0;
		};
		BA47B4BE2B8FAA8F0065797A /* Resources */ = {
			isa = PBXResourcesBuildPhase;
			buildActionMask = 2147483647;
			files = (
			);
			runOnlyForDeploymentPostprocessing = 0;
		};
		BA47B4C82B8FAA8F0065797A /* Resources */ = {
			isa = PBXResourcesBuildPhase;
			buildActionMask = 2147483647;
			files = (
			);
			runOnlyForDeploymentPostprocessing = 0;
		};
/* End PBXResourcesBuildPhase section */

/* Begin PBXSourcesBuildPhase section */
		BA47B4A72B8FAA8C0065797A /* Sources */ = {
			isa = PBXSourcesBuildPhase;
			buildActionMask = 2147483647;
			files = (
				BA47B4E22B8FB8140065797A /* SettingsView.swift in Sources */,
				BA47B4B82B8FAA8F0065797A /* Persistence.swift in Sources */,
				BA47B4B12B8FAA8C0065797A /* SalaryCalculatorView.swift in Sources */,
				BA47B4AF2B8FAA8C0065797A /* PayCulatorApp.swift in Sources */,
				BA47B4BB2B8FAA8F0065797A /* PayCulator.xcdatamodeld in Sources */,
			);
			runOnlyForDeploymentPostprocessing = 0;
		};
		BA47B4BC2B8FAA8F0065797A /* Sources */ = {
			isa = PBXSourcesBuildPhase;
			buildActionMask = 2147483647;
			files = (
				BA47B4C52B8FAA8F0065797A /* PayCulatorTests.swift in Sources */,
			);
			runOnlyForDeploymentPostprocessing = 0;
		};
		BA47B4C62B8FAA8F0065797A /* Sources */ = {
			isa = PBXSourcesBuildPhase;
			buildActionMask = 2147483647;
			files = (
				BA47B4D12B8FAA8F0065797A /* PayCulatorUITestsLaunchTests.swift in Sources */,
				BA47B4CF2B8FAA8F0065797A /* PayCulatorUITests.swift in Sources */,
			);
			runOnlyForDeploymentPostprocessing = 0;
		};
/* End PBXSourcesBuildPhase section */

/* Begin PBXTargetDependency section */
		BA47B4C22B8FAA8F0065797A /* PBXTargetDependency */ = {
			isa = PBXTargetDependency;
			target = BA47B4AA2B8FAA8C0065797A /* Payculator */;
			targetProxy = BA47B4C12B8FAA8F0065797A /* PBXContainerItemProxy */;
		};
		BA47B4CC2B8FAA8F0065797A /* PBXTargetDependency */ = {
			isa = PBXTargetDependency;
			target = BA47B4AA2B8FAA8C0065797A /* Payculator */;
			targetProxy = BA47B4CB2B8FAA8F0065797A /* PBXContainerItemProxy */;
		};
/* End PBXTargetDependency section */

/* Begin XCBuildConfiguration section */
		BA47B4D22B8FAA8F0065797A /* Debug */ = {
			isa = XCBuildConfiguration;
			buildSettings = {
				ALWAYS_SEARCH_USER_PATHS = NO;
				ASSETCATALOG_COMPILER_GENERATE_SWIFT_ASSET_SYMBOL_EXTENSIONS = YES;
				CLANG_ANALYZER_NONNULL = YES;
				CLANG_ANALYZER_NUMBER_OBJECT_CONVERSION = YES_AGGRESSIVE;
				CLANG_CXX_LANGUAGE_STANDARD = "gnu++20";
				CLANG_ENABLE_MODULES = YES;
				CLANG_ENABLE_OBJC_ARC = YES;
				CLANG_ENABLE_OBJC_WEAK = YES;
				CLANG_WARN_BLOCK_CAPTURE_AUTORELEASING = YES;
				CLANG_WARN_BOOL_CONVERSION = YES;
				CLANG_WARN_COMMA = YES;
				CLANG_WARN_CONSTANT_CONVERSION = YES;
				CLANG_WARN_DEPRECATED_OBJC_IMPLEMENTATIONS = YES;
				CLANG_WARN_DIRECT_OBJC_ISA_USAGE = YES_ERROR;
				CLANG_WARN_DOCUMENTATION_COMMENTS = YES;
				CLANG_WARN_EMPTY_BODY = YES;
				CLANG_WARN_ENUM_CONVERSION = YES;
				CLANG_WARN_INFINITE_RECURSION = YES;
				CLANG_WARN_INT_CONVERSION = YES;
				CLANG_WARN_NON_LITERAL_NULL_CONVERSION = YES;
				CLANG_WARN_OBJC_IMPLICIT_RETAIN_SELF = YES;
				CLANG_WARN_OBJC_LITERAL_CONVERSION = YES;
				CLANG_WARN_OBJC_ROOT_CLASS = YES_ERROR;
				CLANG_WARN_QUOTED_INCLUDE_IN_FRAMEWORK_HEADER = YES;
				CLANG_WARN_RANGE_LOOP_ANALYSIS = YES;
				CLANG_WARN_STRICT_PROTOTYPES = YES;
				CLANG_WARN_SUSPICIOUS_MOVE = YES;
				CLANG_WARN_UNGUARDED_AVAILABILITY = YES_AGGRESSIVE;
				CLANG_WARN_UNREACHABLE_CODE = YES;
				CLANG_WARN__DUPLICATE_METHOD_MATCH = YES;
				COPY_PHASE_STRIP = NO;
				DEBUG_INFORMATION_FORMAT = dwarf;
				ENABLE_STRICT_OBJC_MSGSEND = YES;
				ENABLE_TESTABILITY = YES;
				ENABLE_USER_SCRIPT_SANDBOXING = YES;
				GCC_C_LANGUAGE_STANDARD = gnu17;
				GCC_DYNAMIC_NO_PIC = NO;
				GCC_NO_COMMON_BLOCKS = YES;
				GCC_OPTIMIZATION_LEVEL = 0;
				GCC_PREPROCESSOR_DEFINITIONS = (
					"DEBUG=1",
					"$(inherited)",
				);
				GCC_WARN_64_TO_32_BIT_CONVERSION = YES;
				GCC_WARN_ABOUT_RETURN_TYPE = YES_ERROR;
				GCC_WARN_UNDECLARED_SELECTOR = YES;
				GCC_WARN_UNINITIALIZED_AUTOS = YES_AGGRESSIVE;
				GCC_WARN_UNUSED_FUNCTION = YES;
				GCC_WARN_UNUSED_VARIABLE = YES;
				IPHONEOS_DEPLOYMENT_TARGET = 17.2;
				LOCALIZATION_PREFERS_STRING_CATALOGS = YES;
				MTL_ENABLE_DEBUG_INFO = INCLUDE_SOURCE;
				MTL_FAST_MATH = YES;
				ONLY_ACTIVE_ARCH = YES;
				SDKROOT = iphoneos;
				SWIFT_ACTIVE_COMPILATION_CONDITIONS = "DEBUG $(inherited)";
				SWIFT_OPTIMIZATION_LEVEL = "-Onone";
			};
			name = Debug;
		};
		BA47B4D32B8FAA8F0065797A /* Release */ = {
			isa = XCBuildConfiguration;
			buildSettings = {
				ALWAYS_SEARCH_USER_PATHS = NO;
				ASSETCATALOG_COMPILER_GENERATE_SWIFT_ASSET_SYMBOL_EXTENSIONS = YES;
				CLANG_ANALYZER_NONNULL = YES;
				CLANG_ANALYZER_NUMBER_OBJECT_CONVERSION = YES_AGGRESSIVE;
				CLANG_CXX_LANGUAGE_STANDARD = "gnu++20";
				CLANG_ENABLE_MODULES = YES;
				CLANG_ENABLE_OBJC_ARC = YES;
				CLANG_ENABLE_OBJC_WEAK = YES;
				CLANG_WARN_BLOCK_CAPTURE_AUTORELEASING = YES;
				CLANG_WARN_BOOL_CONVERSION = YES;
				CLANG_WARN_COMMA = YES;
				CLANG_WARN_CONSTANT_CONVERSION = YES;
				CLANG_WARN_DEPRECATED_OBJC_IMPLEMENTATIONS = YES;
				CLANG_WARN_DIRECT_OBJC_ISA_USAGE = YES_ERROR;
				CLANG_WARN_DOCUMENTATION_COMMENTS = YES;
				CLANG_WARN_EMPTY_BODY = YES;
				CLANG_WARN_ENUM_CONVERSION = YES;
				CLANG_WARN_INFINITE_RECURSION = YES;
				CLANG_WARN_INT_CONVERSION = YES;
				CLANG_WARN_NON_LITERAL_NULL_CONVERSION = YES;
				CLANG_WARN_OBJC_IMPLICIT_RETAIN_SELF = YES;
				CLANG_WARN_OBJC_LITERAL_CONVERSION = YES;
				CLANG_WARN_OBJC_ROOT_CLASS = YES_ERROR;
				CLANG_WARN_QUOTED_INCLUDE_IN_FRAMEWORK_HEADER = YES;
				CLANG_WARN_RANGE_LOOP_ANALYSIS = YES;
				CLANG_WARN_STRICT_PROTOTYPES = YES;
				CLANG_WARN_SUSPICIOUS_MOVE = YES;
				CLANG_WARN_UNGUARDED_AVAILABILITY = YES_AGGRESSIVE;
				CLANG_WARN_UNREACHABLE_CODE = YES;
				CLANG_WARN__DUPLICATE_METHOD_MATCH = YES;
				COPY_PHASE_STRIP = NO;
				DEBUG_INFORMATION_FORMAT = "dwarf-with-dsym";
				ENABLE_NS_ASSERTIONS = NO;
				ENABLE_STRICT_OBJC_MSGSEND = YES;
				ENABLE_USER_SCRIPT_SANDBOXING = YES;
				GCC_C_LANGUAGE_STANDARD = gnu17;
				GCC_NO_COMMON_BLOCKS = YES;
				GCC_WARN_64_TO_32_BIT_CONVERSION = YES;
				GCC_WARN_ABOUT_RETURN_TYPE = YES_ERROR;
				GCC_WARN_UNDECLARED_SELECTOR = YES;
				GCC_WARN_UNINITIALIZED_AUTOS = YES_AGGRESSIVE;
				GCC_WARN_UNUSED_FUNCTION = YES;
				GCC_WARN_UNUSED_VARIABLE = YES;
				IPHONEOS_DEPLOYMENT_TARGET = 17.2;
				LOCALIZATION_PREFERS_STRING_CATALOGS = YES;
				MTL_ENABLE_DEBUG_INFO = NO;
				MTL_FAST_MATH = YES;
				SDKROOT = iphoneos;
				SWIFT_COMPILATION_MODE = wholemodule;
				VALIDATE_PRODUCT = YES;
			};
			name = Release;
		};
		BA47B4D52B8FAA8F0065797A /* Debug */ = {
			isa = XCBuildConfiguration;
			buildSettings = {
				ASSETCATALOG_COMPILER_APPICON_NAME = AppIcon;
				ASSETCATALOG_COMPILER_GLOBAL_ACCENT_COLOR_NAME = AccentColor;
				CODE_SIGN_STYLE = Automatic;
				CURRENT_PROJECT_VERSION = 128;
				DEVELOPMENT_ASSET_PATHS = "\"PayCulator/Preview Content\"";
				DEVELOPMENT_TEAM = WC92Z884R6;
				ENABLE_PREVIEWS = YES;
				GENERATE_INFOPLIST_FILE = YES;
				INFOPLIST_KEY_CFBundleDisplayName = Payculator;
				INFOPLIST_KEY_LSApplicationCategoryType = "public.app-category.finance";
				INFOPLIST_KEY_UIApplicationSceneManifest_Generation = YES;
				INFOPLIST_KEY_UIApplicationSupportsIndirectInputEvents = YES;
				INFOPLIST_KEY_UILaunchScreen_Generation = YES;
				INFOPLIST_KEY_UILaunchStoryboardName = LaunchScreen.storyboard;
				INFOPLIST_KEY_UISupportedInterfaceOrientations_iPad = "UIInterfaceOrientationPortrait UIInterfaceOrientationPortraitUpsideDown UIInterfaceOrientationLandscapeLeft UIInterfaceOrientationLandscapeRight";
				INFOPLIST_KEY_UISupportedInterfaceOrientations_iPhone = "UIInterfaceOrientationPortrait UIInterfaceOrientationLandscapeLeft UIInterfaceOrientationLandscapeRight";
				LD_RUNPATH_SEARCH_PATHS = (
					"$(inherited)",
					"@executable_path/Frameworks",
				);
				MARKETING_VERSION = 1.0.0;
				PRODUCT_BUNDLE_IDENTIFIER = com.Studio757.Payculator;
				PRODUCT_NAME = "$(TARGET_NAME)";
				SWIFT_EMIT_LOC_STRINGS = YES;
				SWIFT_VERSION = 5.0;
				TARGETED_DEVICE_FAMILY = "1,2";
			};
			name = Debug;
		};
		BA47B4D62B8FAA8F0065797A /* Release */ = {
			isa = XCBuildConfiguration;
			buildSettings = {
				ASSETCATALOG_COMPILER_APPICON_NAME = AppIcon;
				ASSETCATALOG_COMPILER_GLOBAL_ACCENT_COLOR_NAME = AccentColor;
				CODE_SIGN_STYLE = Automatic;
				CURRENT_PROJECT_VERSION = 128;
				DEVELOPMENT_ASSET_PATHS = "\"PayCulator/Preview Content\"";
				DEVELOPMENT_TEAM = WC92Z884R6;
				ENABLE_PREVIEWS = YES;
				GENERATE_INFOPLIST_FILE = YES;
				INFOPLIST_KEY_CFBundleDisplayName = Payculator;
				INFOPLIST_KEY_LSApplicationCategoryType = "public.app-category.finance";
				INFOPLIST_KEY_UIApplicationSceneManifest_Generation = YES;
				INFOPLIST_KEY_UIApplicationSupportsIndirectInputEvents = YES;
				INFOPLIST_KEY_UILaunchScreen_Generation = YES;
				INFOPLIST_KEY_UILaunchStoryboardName = LaunchScreen.storyboard;
				INFOPLIST_KEY_UISupportedInterfaceOrientations_iPad = "UIInterfaceOrientationPortrait UIInterfaceOrientationPortraitUpsideDown UIInterfaceOrientationLandscapeLeft UIInterfaceOrientationLandscapeRight";
				INFOPLIST_KEY_UISupportedInterfaceOrientations_iPhone = "UIInterfaceOrientationPortrait UIInterfaceOrientationLandscapeLeft UIInterfaceOrientationLandscapeRight";
				LD_RUNPATH_SEARCH_PATHS = (
					"$(inherited)",
					"@executable_path/Frameworks",
				);
				MARKETING_VERSION = 1.0.0;
				PRODUCT_BUNDLE_IDENTIFIER = com.Studio757.Payculator;
				PRODUCT_NAME = "$(TARGET_NAME)";
				SWIFT_EMIT_LOC_STRINGS = YES;
				SWIFT_VERSION = 5.0;
				TARGETED_DEVICE_FAMILY = "1,2";
			};
			name = Release;
		};
		BA47B4D82B8FAA8F0065797A /* Debug */ = {
			isa = XCBuildConfiguration;
			buildSettings = {
				ALWAYS_EMBED_SWIFT_STANDARD_LIBRARIES = YES;
				BUNDLE_LOADER = "$(TEST_HOST)";
				CODE_SIGN_STYLE = Automatic;
				CURRENT_PROJECT_VERSION = 1;
				DEVELOPMENT_TEAM = CT2P7VWHVS;
				GENERATE_INFOPLIST_FILE = YES;
				IPHONEOS_DEPLOYMENT_TARGET = 17.2;
				MARKETING_VERSION = 1.0;
				PRODUCT_BUNDLE_IDENTIFIER = com.Studio757.PayCulatorTests;
				PRODUCT_NAME = "$(TARGET_NAME)";
				SWIFT_EMIT_LOC_STRINGS = NO;
				SWIFT_VERSION = 5.0;
				TARGETED_DEVICE_FAMILY = "1,2";
				TEST_HOST = "$(BUILT_PRODUCTS_DIR)/Payculator.app/$(BUNDLE_EXECUTABLE_FOLDER_PATH)/Payculator";
			};
			name = Debug;
		};
		BA47B4D92B8FAA8F0065797A /* Release */ = {
			isa = XCBuildConfiguration;
			buildSettings = {
				ALWAYS_EMBED_SWIFT_STANDARD_LIBRARIES = YES;
				BUNDLE_LOADER = "$(TEST_HOST)";
				CODE_SIGN_STYLE = Automatic;
				CURRENT_PROJECT_VERSION = 1;
				DEVELOPMENT_TEAM = CT2P7VWHVS;
				GENERATE_INFOPLIST_FILE = YES;
				IPHONEOS_DEPLOYMENT_TARGET = 17.2;
				MARKETING_VERSION = 1.0;
				PRODUCT_BUNDLE_IDENTIFIER = com.Studio757.PayCulatorTests;
				PRODUCT_NAME = "$(TARGET_NAME)";
				SWIFT_EMIT_LOC_STRINGS = NO;
				SWIFT_VERSION = 5.0;
				TARGETED_DEVICE_FAMILY = "1,2";
				TEST_HOST = "$(BUILT_PRODUCTS_DIR)/Payculator.app/$(BUNDLE_EXECUTABLE_FOLDER_PATH)/Payculator";
			};
			name = Release;
		};
		BA47B4DB2B8FAA8F0065797A /* Debug */ = {
			isa = XCBuildConfiguration;
			buildSettings = {
				ALWAYS_EMBED_SWIFT_STANDARD_LIBRARIES = YES;
				CODE_SIGN_STYLE = Automatic;
				CURRENT_PROJECT_VERSION = 1;
				DEVELOPMENT_TEAM = CT2P7VWHVS;
				GENERATE_INFOPLIST_FILE = YES;
				MARKETING_VERSION = 1.0;
				PRODUCT_BUNDLE_IDENTIFIER = com.Studio757.PayCulatorUITests;
				PRODUCT_NAME = "$(TARGET_NAME)";
				SWIFT_EMIT_LOC_STRINGS = NO;
				SWIFT_VERSION = 5.0;
				TARGETED_DEVICE_FAMILY = "1,2";
				TEST_TARGET_NAME = PayCulator;
			};
			name = Debug;
		};
		BA47B4DC2B8FAA8F0065797A /* Release */ = {
			isa = XCBuildConfiguration;
			buildSettings = {
				ALWAYS_EMBED_SWIFT_STANDARD_LIBRARIES = YES;
				CODE_SIGN_STYLE = Automatic;
				CURRENT_PROJECT_VERSION = 1;
				DEVELOPMENT_TEAM = CT2P7VWHVS;
				GENERATE_INFOPLIST_FILE = YES;
				MARKETING_VERSION = 1.0;
				PRODUCT_BUNDLE_IDENTIFIER = com.Studio757.PayCulatorUITests;
				PRODUCT_NAME = "$(TARGET_NAME)";
				SWIFT_EMIT_LOC_STRINGS = NO;
				SWIFT_VERSION = 5.0;
				TARGETED_DEVICE_FAMILY = "1,2";
				TEST_TARGET_NAME = PayCulator;
			};
			name = Release;
		};
/* End XCBuildConfiguration section */

/* Begin XCConfigurationList section */
		BA47B4A62B8FAA8C0065797A /* Build configuration list for PBXProject "Payculator" */ = {
			isa = XCConfigurationList;
			buildConfigurations = (
				BA47B4D22B8FAA8F0065797A /* Debug */,
				BA47B4D32B8FAA8F0065797A /* Release */,
			);
			defaultConfigurationIsVisible = 0;
			defaultConfigurationName = Release;
		};
		BA47B4D42B8FAA8F0065797A /* Build configuration list for PBXNativeTarget "Payculator" */ = {
			isa = XCConfigurationList;
			buildConfigurations = (
				BA47B4D52B8FAA8F0065797A /* Debug */,
				BA47B4D62B8FAA8F0065797A /* Release */,
			);
			defaultConfigurationIsVisible = 0;
			defaultConfigurationName = Release;
		};
		BA47B4D72B8FAA8F0065797A /* Build configuration list for PBXNativeTarget "PayculatorTests" */ = {
			isa = XCConfigurationList;
			buildConfigurations = (
				BA47B4D82B8FAA8F0065797A /* Debug */,
				BA47B4D92B8FAA8F0065797A /* Release */,
			);
			defaultConfigurationIsVisible = 0;
			defaultConfigurationName = Release;
		};
		BA47B4DA2B8FAA8F0065797A /* Build configuration list for PBXNativeTarget "PayculatorUITests" */ = {
			isa = XCConfigurationList;
			buildConfigurations = (
				BA47B4DB2B8FAA8F0065797A /* Debug */,
				BA47B4DC2B8FAA8F0065797A /* Release */,
			);
			defaultConfigurationIsVisible = 0;
			defaultConfigurationName = Release;
		};
/* End XCConfigurationList section */

/* Begin XCVersionGroup section */
		BA47B4B92B8FAA8F0065797A /* PayCulator.xcdatamodeld */ = {
			isa = XCVersionGroup;
			children = (
				BA47B4BA2B8FAA8F0065797A /* PayCulator.xcdatamodel */,
			);
			currentVersion = BA47B4BA2B8FAA8F0065797A /* PayCulator.xcdatamodel */;
			path = PayCulator.xcdatamodeld;
			sourceTree = "<group>";
			versionGroupType = wrapper.xcdatamodel;
		};
/* End XCVersionGroup section */
	};
	rootObject = BA47B4A32B8FAA8C0065797A /* Project object */;
}
